// !$*UTF8*$!
{
	archiveVersion = 1;
	classes = {
	};
	objectVersion = 56;
	objects = {

/* Begin PBXBuildFile section */
		147F70E12A982AE2008BA84B /* CustomTableViewCell.swift in Sources */ = {isa = PBXBuildFile; fileRef = 147F70E02A982AE2008BA84B /* CustomTableViewCell.swift */; };
		147F70E32A982B10008BA84B /* .gitignore in Resources */ = {isa = PBXBuildFile; fileRef = 147F70E22A982B10008BA84B /* .gitignore */; };
		147F70E52A9840A4008BA84B /* PosterImageView.swift in Sources */ = {isa = PBXBuildFile; fileRef = 147F70E42A9840A4008BA84B /* PosterImageView.swift */; };
		147F70E82A984B58008BA84B /* OnboardingViewController.swift in Sources */ = {isa = PBXBuildFile; fileRef = 147F70E72A984B58008BA84B /* OnboardingViewController.swift */; };
		147F70EB2A987428008BA84B /* CinemaLocation.swift in Sources */ = {isa = PBXBuildFile; fileRef = 147F70EA2A987428008BA84B /* CinemaLocation.swift */; };
		14881B672A930A00004B5C4C /* AppDelegate.swift in Sources */ = {isa = PBXBuildFile; fileRef = 14881B662A930A00004B5C4C /* AppDelegate.swift */; };
		14881B692A930A00004B5C4C /* SceneDelegate.swift in Sources */ = {isa = PBXBuildFile; fileRef = 14881B682A930A00004B5C4C /* SceneDelegate.swift */; };
		14881B6B2A930A00004B5C4C /* ViewController.swift in Sources */ = {isa = PBXBuildFile; fileRef = 14881B6A2A930A00004B5C4C /* ViewController.swift */; };
		14881B702A930A02004B5C4C /* Assets.xcassets in Resources */ = {isa = PBXBuildFile; fileRef = 14881B6F2A930A02004B5C4C /* Assets.xcassets */; };
		14881B732A930A02004B5C4C /* LaunchScreen.storyboard in Resources */ = {isa = PBXBuildFile; fileRef = 14881B712A930A02004B5C4C /* LaunchScreen.storyboard */; };
		148CD8D72A96F0E800A234E7 /* GenericViewController.swift in Sources */ = {isa = PBXBuildFile; fileRef = 148CD8D62A96F0E800A234E7 /* GenericViewController.swift */; };
		148CD8D92A96F0FE00A234E7 /* Extension + UIViewController.swift in Sources */ = {isa = PBXBuildFile; fileRef = 148CD8D82A96F0FE00A234E7 /* Extension + UIViewController.swift */; };
		148CD8DC2A971CE100A234E7 /* CustomViewController.swift in Sources */ = {isa = PBXBuildFile; fileRef = 148CD8DB2A971CE100A234E7 /* CustomViewController.swift */; };
		148CD8DE2A971E9A00A234E7 /* BlackRadiusTextField.swift in Sources */ = {isa = PBXBuildFile; fileRef = 148CD8DD2A971E9A00A234E7 /* BlackRadiusTextField.swift */; };
		148CD8E02A972A1300A234E7 /* CustomTableViewController.swift in Sources */ = {isa = PBXBuildFile; fileRef = 148CD8DF2A972A1300A234E7 /* CustomTableViewController.swift */; };
		148CD8E82A979AA100A234E7 /* CodeFlixViewController.swift in Sources */ = {isa = PBXBuildFile; fileRef = 148CD8E72A979AA100A234E7 /* CodeFlixViewController.swift */; };
		148CD8EA2A979AB000A234E7 /* GrayTextField.swift in Sources */ = {isa = PBXBuildFile; fileRef = 148CD8E92A979AB000A234E7 /* GrayTextField.swift */; };
		149047D42A94460A00E8B928 /* SnapKit in Frameworks */ = {isa = PBXBuildFile; productRef = 149047D32A94460A00E8B928 /* SnapKit */; };
		149047D72A94467900E8B928 /* SnapViewController.swift in Sources */ = {isa = PBXBuildFile; fileRef = 149047D62A94467900E8B928 /* SnapViewController.swift */; };
		149047D92A945CB800E8B928 /* TextViewController.swift in Sources */ = {isa = PBXBuildFile; fileRef = 149047D82A945CB800E8B928 /* TextViewController.swift */; };
		149047DB2A94792700E8B928 /* LocationViewController.swift in Sources */ = {isa = PBXBuildFile; fileRef = 149047DA2A94792600E8B928 /* LocationViewController.swift */; };
		149047DD2A94A46700E8B928 /* KakaoTalkViewController.swift in Sources */ = {isa = PBXBuildFile; fileRef = 149047DC2A94A46700E8B928 /* KakaoTalkViewController.swift */; };
		14CD6BA52A95CA46005C4A9C /* WeatherViewController.swift in Sources */ = {isa = PBXBuildFile; fileRef = 14CD6BA42A95CA46005C4A9C /* WeatherViewController.swift */; };
		14CD6BA82A95CC38005C4A9C /* PaddingLabel.swift in Sources */ = {isa = PBXBuildFile; fileRef = 14CD6BA72A95CC38005C4A9C /* PaddingLabel.swift */; };
		14CD6BAB2A95D8D2005C4A9C /* PaddingImage.swift in Sources */ = {isa = PBXBuildFile; fileRef = 14CD6BAA2A95D8D2005C4A9C /* PaddingImage.swift */; };
		14CD6BAD2A960406005C4A9C /* CinemaViewController.swift in Sources */ = {isa = PBXBuildFile; fileRef = 14CD6BAC2A960406005C4A9C /* CinemaViewController.swift */; };
/* End PBXBuildFile section */

/* Begin PBXFileReference section */
		147F70E02A982AE2008BA84B /* CustomTableViewCell.swift */ = {isa = PBXFileReference; lastKnownFileType = sourcecode.swift; path = CustomTableViewCell.swift; sourceTree = "<group>"; };
		147F70E22A982B10008BA84B /* .gitignore */ = {isa = PBXFileReference; lastKnownFileType = text; path = .gitignore; sourceTree = "<group>"; };
		147F70E42A9840A4008BA84B /* PosterImageView.swift */ = {isa = PBXFileReference; lastKnownFileType = sourcecode.swift; path = PosterImageView.swift; sourceTree = "<group>"; };
		147F70E72A984B58008BA84B /* OnboardingViewController.swift */ = {isa = PBXFileReference; lastKnownFileType = sourcecode.swift; path = OnboardingViewController.swift; sourceTree = "<group>"; };
		147F70EA2A987428008BA84B /* CinemaLocation.swift */ = {isa = PBXFileReference; lastKnownFileType = sourcecode.swift; path = CinemaLocation.swift; sourceTree = "<group>"; };
		14881B632A930A00004B5C4C /* SeSAC3Week6.app */ = {isa = PBXFileReference; explicitFileType = wrapper.application; includeInIndex = 0; path = SeSAC3Week6.app; sourceTree = BUILT_PRODUCTS_DIR; };
		14881B662A930A00004B5C4C /* AppDelegate.swift */ = {isa = PBXFileReference; lastKnownFileType = sourcecode.swift; path = AppDelegate.swift; sourceTree = "<group>"; };
		14881B682A930A00004B5C4C /* SceneDelegate.swift */ = {isa = PBXFileReference; lastKnownFileType = sourcecode.swift; path = SceneDelegate.swift; sourceTree = "<group>"; };
		14881B6A2A930A00004B5C4C /* ViewController.swift */ = {isa = PBXFileReference; lastKnownFileType = sourcecode.swift; path = ViewController.swift; sourceTree = "<group>"; };
		14881B6F2A930A02004B5C4C /* Assets.xcassets */ = {isa = PBXFileReference; lastKnownFileType = folder.assetcatalog; path = Assets.xcassets; sourceTree = "<group>"; };
		14881B722A930A02004B5C4C /* Base */ = {isa = PBXFileReference; lastKnownFileType = file.storyboard; name = Base; path = Base.lproj/LaunchScreen.storyboard; sourceTree = "<group>"; };
		14881B742A930A02004B5C4C /* Info.plist */ = {isa = PBXFileReference; lastKnownFileType = text.plist.xml; path = Info.plist; sourceTree = "<group>"; };
		148CD8D62A96F0E800A234E7 /* GenericViewController.swift */ = {isa = PBXFileReference; lastKnownFileType = sourcecode.swift; path = GenericViewController.swift; sourceTree = "<group>"; };
		148CD8D82A96F0FE00A234E7 /* Extension + UIViewController.swift */ = {isa = PBXFileReference; lastKnownFileType = sourcecode.swift; path = "Extension + UIViewController.swift"; sourceTree = "<group>"; };
		148CD8DB2A971CE100A234E7 /* CustomViewController.swift */ = {isa = PBXFileReference; lastKnownFileType = sourcecode.swift; path = CustomViewController.swift; sourceTree = "<group>"; };
		148CD8DD2A971E9A00A234E7 /* BlackRadiusTextField.swift */ = {isa = PBXFileReference; lastKnownFileType = sourcecode.swift; path = BlackRadiusTextField.swift; sourceTree = "<group>"; };
		148CD8DF2A972A1300A234E7 /* CustomTableViewController.swift */ = {isa = PBXFileReference; lastKnownFileType = sourcecode.swift; path = CustomTableViewController.swift; sourceTree = "<group>"; };
		148CD8E72A979AA100A234E7 /* CodeFlixViewController.swift */ = {isa = PBXFileReference; lastKnownFileType = sourcecode.swift; path = CodeFlixViewController.swift; sourceTree = "<group>"; };
		148CD8E92A979AB000A234E7 /* GrayTextField.swift */ = {isa = PBXFileReference; lastKnownFileType = sourcecode.swift; path = GrayTextField.swift; sourceTree = "<group>"; };
		149047D62A94467900E8B928 /* SnapViewController.swift */ = {isa = PBXFileReference; lastKnownFileType = sourcecode.swift; path = SnapViewController.swift; sourceTree = "<group>"; };
		149047D82A945CB800E8B928 /* TextViewController.swift */ = {isa = PBXFileReference; lastKnownFileType = sourcecode.swift; path = TextViewController.swift; sourceTree = "<group>"; };
		149047DA2A94792600E8B928 /* LocationViewController.swift */ = {isa = PBXFileReference; lastKnownFileType = sourcecode.swift; path = LocationViewController.swift; sourceTree = "<group>"; };
		149047DC2A94A46700E8B928 /* KakaoTalkViewController.swift */ = {isa = PBXFileReference; lastKnownFileType = sourcecode.swift; path = KakaoTalkViewController.swift; sourceTree = "<group>"; };
		14CD6BA42A95CA46005C4A9C /* WeatherViewController.swift */ = {isa = PBXFileReference; lastKnownFileType = sourcecode.swift; path = WeatherViewController.swift; sourceTree = "<group>"; };
		14CD6BA72A95CC38005C4A9C /* PaddingLabel.swift */ = {isa = PBXFileReference; lastKnownFileType = sourcecode.swift; path = PaddingLabel.swift; sourceTree = "<group>"; };
		14CD6BAA2A95D8D2005C4A9C /* PaddingImage.swift */ = {isa = PBXFileReference; lastKnownFileType = sourcecode.swift; path = PaddingImage.swift; sourceTree = "<group>"; };
		14CD6BAC2A960406005C4A9C /* CinemaViewController.swift */ = {isa = PBXFileReference; lastKnownFileType = sourcecode.swift; path = CinemaViewController.swift; sourceTree = "<group>"; };
/* End PBXFileReference section */

/* Begin PBXFrameworksBuildPhase section */
		14881B602A930A00004B5C4C /* Frameworks */ = {
			isa = PBXFrameworksBuildPhase;
			buildActionMask = 2147483647;
			files = (
				149047D42A94460A00E8B928 /* SnapKit in Frameworks */,
			);
			runOnlyForDeploymentPostprocessing = 0;
		};
/* End PBXFrameworksBuildPhase section */

/* Begin PBXGroup section */
		147F70E62A984B14008BA84B /* Onboarding */ = {
			isa = PBXGroup;
			children = (
				147F70E72A984B58008BA84B /* OnboardingViewController.swift */,
			);
			path = Onboarding;
			sourceTree = "<group>";
		};
		147F70E92A98740D008BA84B /* Cinema */ = {
			isa = PBXGroup;
			children = (
				14CD6BAC2A960406005C4A9C /* CinemaViewController.swift */,
				147F70EA2A987428008BA84B /* CinemaLocation.swift */,
			);
			path = Cinema;
			sourceTree = "<group>";
		};
		14881B5A2A930A00004B5C4C = {
			isa = PBXGroup;
			children = (
				14881B662A930A00004B5C4C /* AppDelegate.swift */,
				14881B682A930A00004B5C4C /* SceneDelegate.swift */,
				14881B652A930A00004B5C4C /* SeSAC3Week6 */,
				14881B642A930A00004B5C4C /* Products */,
			);
			sourceTree = "<group>";
		};
		14881B642A930A00004B5C4C /* Products */ = {
			isa = PBXGroup;
			children = (
				14881B632A930A00004B5C4C /* SeSAC3Week6.app */,
			);
			name = Products;
			sourceTree = "<group>";
		};
		14881B652A930A00004B5C4C /* SeSAC3Week6 */ = {
			isa = PBXGroup;
			children = (
				147F70E62A984B14008BA84B /* Onboarding */,
				148CD8E62A979A8D00A234E7 /* TextField */,
				148CD8DA2A971CB100A234E7 /* CustomView */,
				14881B6A2A930A00004B5C4C /* ViewController.swift */,
				149047D52A94464000E8B928 /* Test */,
				147F70E92A98740D008BA84B /* Cinema */,
				148CD8D52A96F0D500A234E7 /* Generic */,
				14CD6BA92A95D8C4005C4A9C /* UIImageView */,
				14CD6BA62A95CC1E005C4A9C /* UILabel */,
				14881B6F2A930A02004B5C4C /* Assets.xcassets */,
				14881B712A930A02004B5C4C /* LaunchScreen.storyboard */,
				14881B742A930A02004B5C4C /* Info.plist */,
				147F70E22A982B10008BA84B /* .gitignore */,
			);
			path = SeSAC3Week6;
			sourceTree = "<group>";
		};
		148CD8D52A96F0D500A234E7 /* Generic */ = {
			isa = PBXGroup;
			children = (
				148CD8D62A96F0E800A234E7 /* GenericViewController.swift */,
				148CD8D82A96F0FE00A234E7 /* Extension + UIViewController.swift */,
			);
			path = Generic;
			sourceTree = "<group>";
		};
		148CD8DA2A971CB100A234E7 /* CustomView */ = {
			isa = PBXGroup;
			children = (
				148CD8DB2A971CE100A234E7 /* CustomViewController.swift */,
				148CD8DD2A971E9A00A234E7 /* BlackRadiusTextField.swift */,
				147F70E02A982AE2008BA84B /* CustomTableViewCell.swift */,
				148CD8DF2A972A1300A234E7 /* CustomTableViewController.swift */,
				147F70E42A9840A4008BA84B /* PosterImageView.swift */,
			);
			path = CustomView;
			sourceTree = "<group>";
		};
		148CD8E62A979A8D00A234E7 /* TextField */ = {
			isa = PBXGroup;
			children = (
				148CD8E92A979AB000A234E7 /* GrayTextField.swift */,
				148CD8E72A979AA100A234E7 /* CodeFlixViewController.swift */,
			);
			path = TextField;
			sourceTree = "<group>";
		};
		149047D52A94464000E8B928 /* Test */ = {
			isa = PBXGroup;
			children = (
				149047D62A94467900E8B928 /* SnapViewController.swift */,
				149047D82A945CB800E8B928 /* TextViewController.swift */,
				149047DA2A94792600E8B928 /* LocationViewController.swift */,
				149047DC2A94A46700E8B928 /* KakaoTalkViewController.swift */,
				14CD6BA42A95CA46005C4A9C /* WeatherViewController.swift */,
			);
			path = Test;
			sourceTree = "<group>";
		};
		14CD6BA62A95CC1E005C4A9C /* UILabel */ = {
			isa = PBXGroup;
			children = (
				14CD6BA72A95CC38005C4A9C /* PaddingLabel.swift */,
			);
			path = UILabel;
			sourceTree = "<group>";
		};
		14CD6BA92A95D8C4005C4A9C /* UIImageView */ = {
			isa = PBXGroup;
			children = (
				14CD6BAA2A95D8D2005C4A9C /* PaddingImage.swift */,
			);
			path = UIImageView;
			sourceTree = "<group>";
		};
/* End PBXGroup section */

/* Begin PBXNativeTarget section */
		14881B622A930A00004B5C4C /* SeSAC3Week6 */ = {
			isa = PBXNativeTarget;
			buildConfigurationList = 14881B772A930A02004B5C4C /* Build configuration list for PBXNativeTarget "SeSAC3Week6" */;
			buildPhases = (
				14881B5F2A930A00004B5C4C /* Sources */,
				14881B602A930A00004B5C4C /* Frameworks */,
				14881B612A930A00004B5C4C /* Resources */,
			);
			buildRules = (
			);
			dependencies = (
			);
			name = SeSAC3Week6;
			packageProductDependencies = (
				149047D32A94460A00E8B928 /* SnapKit */,
			);
			productName = SeSAC3Week6;
			productReference = 14881B632A930A00004B5C4C /* SeSAC3Week6.app */;
			productType = "com.apple.product-type.application";
		};
/* End PBXNativeTarget section */

/* Begin PBXProject section */
		14881B5B2A930A00004B5C4C /* Project object */ = {
			isa = PBXProject;
			attributes = {
				BuildIndependentTargetsInParallel = 1;
				LastSwiftUpdateCheck = 1430;
				LastUpgradeCheck = 1430;
				TargetAttributes = {
					14881B622A930A00004B5C4C = {
						CreatedOnToolsVersion = 14.3.1;
					};
				};
			};
			buildConfigurationList = 14881B5E2A930A00004B5C4C /* Build configuration list for PBXProject "SeSAC3Week6" */;
			compatibilityVersion = "Xcode 14.0";
			developmentRegion = en;
			hasScannedForEncodings = 0;
			knownRegions = (
				en,
				Base,
			);
			mainGroup = 14881B5A2A930A00004B5C4C;
			packageReferences = (
				149047D22A94460A00E8B928 /* XCRemoteSwiftPackageReference "SnapKit" */,
			);
			productRefGroup = 14881B642A930A00004B5C4C /* Products */;
			projectDirPath = "";
			projectRoot = "";
			targets = (
				14881B622A930A00004B5C4C /* SeSAC3Week6 */,
			);
		};
/* End PBXProject section */

/* Begin PBXResourcesBuildPhase section */
		14881B612A930A00004B5C4C /* Resources */ = {
			isa = PBXResourcesBuildPhase;
			buildActionMask = 2147483647;
			files = (
				14881B732A930A02004B5C4C /* LaunchScreen.storyboard in Resources */,
				147F70E32A982B10008BA84B /* .gitignore in Resources */,
				14881B702A930A02004B5C4C /* Assets.xcassets in Resources */,
			);
			runOnlyForDeploymentPostprocessing = 0;
		};
/* End PBXResourcesBuildPhase section */

/* Begin PBXSourcesBuildPhase section */
		14881B5F2A930A00004B5C4C /* Sources */ = {
			isa = PBXSourcesBuildPhase;
			buildActionMask = 2147483647;
			files = (
				149047DD2A94A46700E8B928 /* KakaoTalkViewController.swift in Sources */,
				148CD8DC2A971CE100A234E7 /* CustomViewController.swift in Sources */,
				149047D92A945CB800E8B928 /* TextViewController.swift in Sources */,
				148CD8DE2A971E9A00A234E7 /* BlackRadiusTextField.swift in Sources */,
				147F70E82A984B58008BA84B /* OnboardingViewController.swift in Sources */,
				149047D72A94467900E8B928 /* SnapViewController.swift in Sources */,
				147F70E12A982AE2008BA84B /* CustomTableViewCell.swift in Sources */,
				14881B6B2A930A00004B5C4C /* ViewController.swift in Sources */,
				149047DB2A94792700E8B928 /* LocationViewController.swift in Sources */,
				14CD6BAD2A960406005C4A9C /* CinemaViewController.swift in Sources */,
				148CD8D72A96F0E800A234E7 /* GenericViewController.swift in Sources */,
				14CD6BA52A95CA46005C4A9C /* WeatherViewController.swift in Sources */,
				14CD6BA82A95CC38005C4A9C /* PaddingLabel.swift in Sources */,
				14CD6BAB2A95D8D2005C4A9C /* PaddingImage.swift in Sources */,
				148CD8E82A979AA100A234E7 /* CodeFlixViewController.swift in Sources */,
				147F70EB2A987428008BA84B /* CinemaLocation.swift in Sources */,
				148CD8E02A972A1300A234E7 /* CustomTableViewController.swift in Sources */,
				14881B672A930A00004B5C4C /* AppDelegate.swift in Sources */,
				148CD8D92A96F0FE00A234E7 /* Extension + UIViewController.swift in Sources */,
				148CD8EA2A979AB000A234E7 /* GrayTextField.swift in Sources */,
				14881B692A930A00004B5C4C /* SceneDelegate.swift in Sources */,
				147F70E52A9840A4008BA84B /* PosterImageView.swift in Sources */,
			);
			runOnlyForDeploymentPostprocessing = 0;
		};
/* End PBXSourcesBuildPhase section */

/* Begin PBXVariantGroup section */
		14881B712A930A02004B5C4C /* LaunchScreen.storyboard */ = {
			isa = PBXVariantGroup;
			children = (
				14881B722A930A02004B5C4C /* Base */,
			);
			name = LaunchScreen.storyboard;
			sourceTree = "<group>";
		};
/* End PBXVariantGroup section */

/* Begin XCBuildConfiguration section */
		14881B752A930A02004B5C4C /* Debug */ = {
			isa = XCBuildConfiguration;
			buildSettings = {
				ALWAYS_SEARCH_USER_PATHS = NO;
				CLANG_ANALYZER_NONNULL = YES;
				CLANG_ANALYZER_NUMBER_OBJECT_CONVERSION = YES_AGGRESSIVE;
				CLANG_CXX_LANGUAGE_STANDARD = "gnu++20";
				CLANG_ENABLE_MODULES = YES;
				CLANG_ENABLE_OBJC_ARC = YES;
				CLANG_ENABLE_OBJC_WEAK = YES;
				CLANG_WARN_BLOCK_CAPTURE_AUTORELEASING = YES;
				CLANG_WARN_BOOL_CONVERSION = YES;
				CLANG_WARN_COMMA = YES;
				CLANG_WARN_CONSTANT_CONVERSION = YES;
				CLANG_WARN_DEPRECATED_OBJC_IMPLEMENTATIONS = YES;
				CLANG_WARN_DIRECT_OBJC_ISA_USAGE = YES_ERROR;
				CLANG_WARN_DOCUMENTATION_COMMENTS = YES;
				CLANG_WARN_EMPTY_BODY = YES;
				CLANG_WARN_ENUM_CONVERSION = YES;
				CLANG_WARN_INFINITE_RECURSION = YES;
				CLANG_WARN_INT_CONVERSION = YES;
				CLANG_WARN_NON_LITERAL_NULL_CONVERSION = YES;
				CLANG_WARN_OBJC_IMPLICIT_RETAIN_SELF = YES;
				CLANG_WARN_OBJC_LITERAL_CONVERSION = YES;
				CLANG_WARN_OBJC_ROOT_CLASS = YES_ERROR;
				CLANG_WARN_QUOTED_INCLUDE_IN_FRAMEWORK_HEADER = YES;
				CLANG_WARN_RANGE_LOOP_ANALYSIS = YES;
				CLANG_WARN_STRICT_PROTOTYPES = YES;
				CLANG_WARN_SUSPICIOUS_MOVE = YES;
				CLANG_WARN_UNGUARDED_AVAILABILITY = YES_AGGRESSIVE;
				CLANG_WARN_UNREACHABLE_CODE = YES;
				CLANG_WARN__DUPLICATE_METHOD_MATCH = YES;
				COPY_PHASE_STRIP = NO;
				DEBUG_INFORMATION_FORMAT = dwarf;
				ENABLE_STRICT_OBJC_MSGSEND = YES;
				ENABLE_TESTABILITY = YES;
				GCC_C_LANGUAGE_STANDARD = gnu11;
				GCC_DYNAMIC_NO_PIC = NO;
				GCC_NO_COMMON_BLOCKS = YES;
				GCC_OPTIMIZATION_LEVEL = 0;
				GCC_PREPROCESSOR_DEFINITIONS = (
					"DEBUG=1",
					"$(inherited)",
				);
				GCC_WARN_64_TO_32_BIT_CONVERSION = YES;
				GCC_WARN_ABOUT_RETURN_TYPE = YES_ERROR;
				GCC_WARN_UNDECLARED_SELECTOR = YES;
				GCC_WARN_UNINITIALIZED_AUTOS = YES_AGGRESSIVE;
				GCC_WARN_UNUSED_FUNCTION = YES;
				GCC_WARN_UNUSED_VARIABLE = YES;
				IPHONEOS_DEPLOYMENT_TARGET = 16.4;
				MTL_ENABLE_DEBUG_INFO = INCLUDE_SOURCE;
				MTL_FAST_MATH = YES;
				ONLY_ACTIVE_ARCH = YES;
				SDKROOT = iphoneos;
				SWIFT_ACTIVE_COMPILATION_CONDITIONS = DEBUG;
				SWIFT_OPTIMIZATION_LEVEL = "-Onone";
			};
			name = Debug;
		};
		14881B762A930A02004B5C4C /* Release */ = {
			isa = XCBuildConfiguration;
			buildSettings = {
				ALWAYS_SEARCH_USER_PATHS = NO;
				CLANG_ANALYZER_NONNULL = YES;
				CLANG_ANALYZER_NUMBER_OBJECT_CONVERSION = YES_AGGRESSIVE;
				CLANG_CXX_LANGUAGE_STANDARD = "gnu++20";
				CLANG_ENABLE_MODULES = YES;
				CLANG_ENABLE_OBJC_ARC = YES;
				CLANG_ENABLE_OBJC_WEAK = YES;
				CLANG_WARN_BLOCK_CAPTURE_AUTORELEASING = YES;
				CLANG_WARN_BOOL_CONVERSION = YES;
				CLANG_WARN_COMMA = YES;
				CLANG_WARN_CONSTANT_CONVERSION = YES;
				CLANG_WARN_DEPRECATED_OBJC_IMPLEMENTATIONS = YES;
				CLANG_WARN_DIRECT_OBJC_ISA_USAGE = YES_ERROR;
				CLANG_WARN_DOCUMENTATION_COMMENTS = YES;
				CLANG_WARN_EMPTY_BODY = YES;
				CLANG_WARN_ENUM_CONVERSION = YES;
				CLANG_WARN_INFINITE_RECURSION = YES;
				CLANG_WARN_INT_CONVERSION = YES;
				CLANG_WARN_NON_LITERAL_NULL_CONVERSION = YES;
				CLANG_WARN_OBJC_IMPLICIT_RETAIN_SELF = YES;
				CLANG_WARN_OBJC_LITERAL_CONVERSION = YES;
				CLANG_WARN_OBJC_ROOT_CLASS = YES_ERROR;
				CLANG_WARN_QUOTED_INCLUDE_IN_FRAMEWORK_HEADER = YES;
				CLANG_WARN_RANGE_LOOP_ANALYSIS = YES;
				CLANG_WARN_STRICT_PROTOTYPES = YES;
				CLANG_WARN_SUSPICIOUS_MOVE = YES;
				CLANG_WARN_UNGUARDED_AVAILABILITY = YES_AGGRESSIVE;
				CLANG_WARN_UNREACHABLE_CODE = YES;
				CLANG_WARN__DUPLICATE_METHOD_MATCH = YES;
				COPY_PHASE_STRIP = NO;
				DEBUG_INFORMATION_FORMAT = "dwarf-with-dsym";
				ENABLE_NS_ASSERTIONS = NO;
				ENABLE_STRICT_OBJC_MSGSEND = YES;
				GCC_C_LANGUAGE_STANDARD = gnu11;
				GCC_NO_COMMON_BLOCKS = YES;
				GCC_WARN_64_TO_32_BIT_CONVERSION = YES;
				GCC_WARN_ABOUT_RETURN_TYPE = YES_ERROR;
				GCC_WARN_UNDECLARED_SELECTOR = YES;
				GCC_WARN_UNINITIALIZED_AUTOS = YES_AGGRESSIVE;
				GCC_WARN_UNUSED_FUNCTION = YES;
				GCC_WARN_UNUSED_VARIABLE = YES;
				IPHONEOS_DEPLOYMENT_TARGET = 16.4;
				MTL_ENABLE_DEBUG_INFO = NO;
				MTL_FAST_MATH = YES;
				SDKROOT = iphoneos;
				SWIFT_COMPILATION_MODE = wholemodule;
				SWIFT_OPTIMIZATION_LEVEL = "-O";
				VALIDATE_PRODUCT = YES;
			};
			name = Release;
		};
		14881B782A930A02004B5C4C /* Debug */ = {
			isa = XCBuildConfiguration;
			buildSettings = {
				ASSETCATALOG_COMPILER_APPICON_NAME = AppIcon;
				ASSETCATALOG_COMPILER_GLOBAL_ACCENT_COLOR_NAME = AccentColor;
				CODE_SIGN_STYLE = Automatic;
				CURRENT_PROJECT_VERSION = 1;
				DEVELOPMENT_TEAM = DD66GTY4AT;
				GENERATE_INFOPLIST_FILE = YES;
				INFOPLIST_FILE = SeSAC3Week6/Info.plist;
				INFOPLIST_KEY_NSLocationWhenInUseUsageDescription = "현재 날씨에 대한 정보를 가지고 오기 위해 위치 정보가 필요해요.";
				INFOPLIST_KEY_UIApplicationSupportsIndirectInputEvents = YES;
				INFOPLIST_KEY_UILaunchStoryboardName = LaunchScreen;
				INFOPLIST_KEY_UISupportedInterfaceOrientations_iPad = "UIInterfaceOrientationPortrait UIInterfaceOrientationPortraitUpsideDown UIInterfaceOrientationLandscapeLeft UIInterfaceOrientationLandscapeRight";
				INFOPLIST_KEY_UISupportedInterfaceOrientations_iPhone = "UIInterfaceOrientationPortrait UIInterfaceOrientationLandscapeLeft UIInterfaceOrientationLandscapeRight";
				LD_RUNPATH_SEARCH_PATHS = (
					"$(inherited)",
					"@executable_path/Frameworks",
				);
				MARKETING_VERSION = 1.0;
				PRODUCT_BUNDLE_IDENTIFIER = com.raehoon.SeSAC3Week6;
				PRODUCT_NAME = "$(TARGET_NAME)";
				SWIFT_EMIT_LOC_STRINGS = YES;
				SWIFT_VERSION = 5.0;
				TARGETED_DEVICE_FAMILY = "1,2";
			};
			name = Debug;
		};
		14881B792A930A02004B5C4C /* Release */ = {
			isa = XCBuildConfiguration;
			buildSettings = {
				ASSETCATALOG_COMPILER_APPICON_NAME = AppIcon;
				ASSETCATALOG_COMPILER_GLOBAL_ACCENT_COLOR_NAME = AccentColor;
				CODE_SIGN_STYLE = Automatic;
				CURRENT_PROJECT_VERSION = 1;
				DEVELOPMENT_TEAM = DD66GTY4AT;
				GENERATE_INFOPLIST_FILE = YES;
				INFOPLIST_FILE = SeSAC3Week6/Info.plist;
				INFOPLIST_KEY_NSLocationWhenInUseUsageDescription = "현재 날씨에 대한 정보를 가지고 오기 위해 위치 정보가 필요해요.";
				INFOPLIST_KEY_UIApplicationSupportsIndirectInputEvents = YES;
				INFOPLIST_KEY_UILaunchStoryboardName = LaunchScreen;
				INFOPLIST_KEY_UISupportedInterfaceOrientations_iPad = "UIInterfaceOrientationPortrait UIInterfaceOrientationPortraitUpsideDown UIInterfaceOrientationLandscapeLeft UIInterfaceOrientationLandscapeRight";
				INFOPLIST_KEY_UISupportedInterfaceOrientations_iPhone = "UIInterfaceOrientationPortrait UIInterfaceOrientationLandscapeLeft UIInterfaceOrientationLandscapeRight";
				LD_RUNPATH_SEARCH_PATHS = (
					"$(inherited)",
					"@executable_path/Frameworks",
				);
				MARKETING_VERSION = 1.0;
				PRODUCT_BUNDLE_IDENTIFIER = com.raehoon.SeSAC3Week6;
				PRODUCT_NAME = "$(TARGET_NAME)";
				SWIFT_EMIT_LOC_STRINGS = YES;
				SWIFT_VERSION = 5.0;
				TARGETED_DEVICE_FAMILY = "1,2";
			};
			name = Release;
		};
/* End XCBuildConfiguration section */

/* Begin XCConfigurationList section */
		14881B5E2A930A00004B5C4C /* Build configuration list for PBXProject "SeSAC3Week6" */ = {
			isa = XCConfigurationList;
			buildConfigurations = (
				14881B752A930A02004B5C4C /* Debug */,
				14881B762A930A02004B5C4C /* Release */,
			);
			defaultConfigurationIsVisible = 0;
			defaultConfigurationName = Release;
		};
		14881B772A930A02004B5C4C /* Build configuration list for PBXNativeTarget "SeSAC3Week6" */ = {
			isa = XCConfigurationList;
			buildConfigurations = (
				14881B782A930A02004B5C4C /* Debug */,
				14881B792A930A02004B5C4C /* Release */,
			);
			defaultConfigurationIsVisible = 0;
			defaultConfigurationName = Release;
		};
/* End XCConfigurationList section */

/* Begin XCRemoteSwiftPackageReference section */
		149047D22A94460A00E8B928 /* XCRemoteSwiftPackageReference "SnapKit" */ = {
			isa = XCRemoteSwiftPackageReference;
			repositoryURL = "https://github.com/SnapKit/SnapKit.git";
			requirement = {
				kind = upToNextMajorVersion;
				minimumVersion = 5.0.0;
			};
		};
/* End XCRemoteSwiftPackageReference section */

/* Begin XCSwiftPackageProductDependency section */
		149047D32A94460A00E8B928 /* SnapKit */ = {
			isa = XCSwiftPackageProductDependency;
			package = 149047D22A94460A00E8B928 /* XCRemoteSwiftPackageReference "SnapKit" */;
			productName = SnapKit;
		};
/* End XCSwiftPackageProductDependency section */
	};
	rootObject = 14881B5B2A930A00004B5C4C /* Project object */;
}
